
Microsoft Visual Studio Solution File, Format Version 12.00
# Visual Studio Version 17
VisualStudioVersion = 17.4.33103.184
MinimumVisualStudioVersion = 10.0.40219.1
Project("{FAE04EC0-301F-11D3-BF4B-00C04F79EFBC}") = "GameShopApiV1", "GameShopApiV1\GameShopApiV1.csproj", "{16E6B393-14D9-4EA8-8B3D-3A0B48906D51}"
EndProject
Global
	GlobalSection(SolutionConfigurationPlatforms) = preSolution
		Debug|Any CPU = Debug|Any CPU
		Release|Any CPU = Release|Any CPU
	EndGlobalSection
	GlobalSection(ProjectConfigurationPlatforms) = postSolution
		{16E6B393-14D9-4EA8-8B3D-3A0B48906D51}.Debug|Any CPU.ActiveCfg = Debug|Any CPU
		{16E6B393-14D9-4EA8-8B3D-3A0B48906D51}.Debug|Any CPU.Build.0 = Debug|Any CPU
		{16E6B393-14D9-4EA8-8B3D-3A0B48906D51}.Release|Any CPU.ActiveCfg = Release|Any CPU
		{16E6B393-14D9-4EA8-8B3D-3A0B48906D51}.Release|Any CPU.Build.0 = Release|Any CPU
	EndGlobalSection
	GlobalSection(SolutionProperties) = preSolution
		HideSolutionNode = FALSE
	EndGlobalSection
	GlobalSection(ExtensibilityGlobals) = postSolution
		SolutionGuid = {6C0485A2-8A43-41CE-9F6C-51A2AADFC2F7}
	EndGlobalSection
EndGlobal
